// !$*UTF8*$!
{
	archiveVersion = 1;
	classes = {
	};
	objectVersion = 46;
	objects = {

/* Begin PBXBuildFile section */
		433E890E9033425E9D06179E /* libPods.a in Frameworks */ = {isa = PBXBuildFile; fileRef = 51B24B9C261F4FF2A9F38D55 /* libPods.a */; };
		CA0300C018D178CA000406C6 /* Foundation.framework in Frameworks */ = {isa = PBXBuildFile; fileRef = CA0300BF18D178CA000406C6 /* Foundation.framework */; };
		CA0300C218D178CA000406C6 /* CoreGraphics.framework in Frameworks */ = {isa = PBXBuildFile; fileRef = CA0300C118D178CA000406C6 /* CoreGraphics.framework */; };
		CA0300C418D178CA000406C6 /* UIKit.framework in Frameworks */ = {isa = PBXBuildFile; fileRef = CA0300C318D178CA000406C6 /* UIKit.framework */; };
		CA0300CA18D178CA000406C6 /* InfoPlist.strings in Resources */ = {isa = PBXBuildFile; fileRef = CA0300C818D178CA000406C6 /* InfoPlist.strings */; };
		CA0300CC18D178CA000406C6 /* main.m in Sources */ = {isa = PBXBuildFile; fileRef = CA0300CB18D178CA000406C6 /* main.m */; };
		CA0300D018D178CA000406C6 /* AppDelegate.m in Sources */ = {isa = PBXBuildFile; fileRef = CA0300CF18D178CA000406C6 /* AppDelegate.m */; };
		CA0300D218D178CA000406C6 /* Images.xcassets in Resources */ = {isa = PBXBuildFile; fileRef = CA0300D118D178CA000406C6 /* Images.xcassets */; };
		CA0300D918D178CA000406C6 /* XCTest.framework in Frameworks */ = {isa = PBXBuildFile; fileRef = CA0300D818D178CA000406C6 /* XCTest.framework */; };
		CA0300DA18D178CA000406C6 /* Foundation.framework in Frameworks */ = {isa = PBXBuildFile; fileRef = CA0300BF18D178CA000406C6 /* Foundation.framework */; };
		CA0300DB18D178CA000406C6 /* UIKit.framework in Frameworks */ = {isa = PBXBuildFile; fileRef = CA0300C318D178CA000406C6 /* UIKit.framework */; };
		CA0300E318D178CA000406C6 /* InfoPlist.strings in Resources */ = {isa = PBXBuildFile; fileRef = CA0300E118D178CA000406C6 /* InfoPlist.strings */; };
		CA0300E518D178CA000406C6 /* GratinTomatoesTests.m in Sources */ = {isa = PBXBuildFile; fileRef = CA0300E418D178CA000406C6 /* GratinTomatoesTests.m */; };
		CAAC801318D4C8EA00675F4B /* MovieListViewController.m in Sources */ = {isa = PBXBuildFile; fileRef = CAAC801118D4C8EA00675F4B /* MovieListViewController.m */; };
		CAAC801418D4C8EA00675F4B /* MovieListViewController.xib in Resources */ = {isa = PBXBuildFile; fileRef = CAAC801218D4C8EA00675F4B /* MovieListViewController.xib */; };
		CAAC802518D4D8D300675F4B /* MovieListViewCell.m in Sources */ = {isa = PBXBuildFile; fileRef = CAAC802318D4D8D300675F4B /* MovieListViewCell.m */; };
		CAAC802618D4D8D300675F4B /* MovieListViewCell.xib in Resources */ = {isa = PBXBuildFile; fileRef = CAAC802418D4D8D300675F4B /* MovieListViewCell.xib */; };
		CAAC802A18D4DCE000675F4B /* MovieDetailViewController.m in Sources */ = {isa = PBXBuildFile; fileRef = CAAC802818D4DCE000675F4B /* MovieDetailViewController.m */; };
		CAAC802B18D4DCE000675F4B /* MovieDetailViewController.xib in Resources */ = {isa = PBXBuildFile; fileRef = CAAC802918D4DCE000675F4B /* MovieDetailViewController.xib */; };
		CAAC803418D60A0200675F4B /* Aller_Bd.ttf in Resources */ = {isa = PBXBuildFile; fileRef = CAAC802D18D60A0200675F4B /* Aller_Bd.ttf */; };
		CAAC803518D60A0200675F4B /* Aller_BdIt.ttf in Resources */ = {isa = PBXBuildFile; fileRef = CAAC802E18D60A0200675F4B /* Aller_BdIt.ttf */; };
		CAAC803618D60A0200675F4B /* Aller_It.ttf in Resources */ = {isa = PBXBuildFile; fileRef = CAAC802F18D60A0200675F4B /* Aller_It.ttf */; };
		CAAC803718D60A0200675F4B /* Aller_Lt.ttf in Resources */ = {isa = PBXBuildFile; fileRef = CAAC803018D60A0200675F4B /* Aller_Lt.ttf */; };
		CAAC803818D60A0200675F4B /* Aller_LtIt.ttf in Resources */ = {isa = PBXBuildFile; fileRef = CAAC803118D60A0200675F4B /* Aller_LtIt.ttf */; };
		CAAC803918D60A0200675F4B /* Aller_Rg.ttf in Resources */ = {isa = PBXBuildFile; fileRef = CAAC803218D60A0200675F4B /* Aller_Rg.ttf */; };
		CAAC803A18D60A0200675F4B /* AllerDisplay.ttf in Resources */ = {isa = PBXBuildFile; fileRef = CAAC803318D60A0200675F4B /* AllerDisplay.ttf */; };
		CAAC803D18D60D9F00675F4B /* UIFont+IBCustomFonts.m in Sources */ = {isa = PBXBuildFile; fileRef = CAAC803C18D60D9F00675F4B /* UIFont+IBCustomFonts.m */; };
		CAEEBF2A18D614870029C8D0 /* MovieModel.m in Sources */ = {isa = PBXBuildFile; fileRef = CAEEBF2918D614870029C8D0 /* MovieModel.m */; };
		CAEEBF2F18D6CDDA0029C8D0 /* dvd.png in Resources */ = {isa = PBXBuildFile; fileRef = CAEEBF2D18D6CDDA0029C8D0 /* dvd.png */; };
		CAEEBF3018D6CDDA0029C8D0 /* ticket.png in Resources */ = {isa = PBXBuildFile; fileRef = CAEEBF2E18D6CDDA0029C8D0 /* ticket.png */; };
/* End PBXBuildFile section */

/* Begin PBXContainerItemProxy section */
		CA0300DC18D178CA000406C6 /* PBXContainerItemProxy */ = {
			isa = PBXContainerItemProxy;
			containerPortal = CA0300B418D178CA000406C6 /* Project object */;
			proxyType = 1;
			remoteGlobalIDString = CA0300BB18D178CA000406C6;
			remoteInfo = GratinTomatoes;
		};
/* End PBXContainerItemProxy section */

/* Begin PBXFileReference section */
		22BF99A7C72E4F1B997306BF /* Pods.xcconfig */ = {isa = PBXFileReference; includeInIndex = 1; lastKnownFileType = text.xcconfig; name = Pods.xcconfig; path = Pods/Pods.xcconfig; sourceTree = "<group>"; };
		51B24B9C261F4FF2A9F38D55 /* libPods.a */ = {isa = PBXFileReference; explicitFileType = archive.ar; includeInIndex = 0; path = libPods.a; sourceTree = BUILT_PRODUCTS_DIR; };
		CA0300BC18D178CA000406C6 /* GratinTomatoes.app */ = {isa = PBXFileReference; explicitFileType = wrapper.application; includeInIndex = 0; path = GratinTomatoes.app; sourceTree = BUILT_PRODUCTS_DIR; };
		CA0300BF18D178CA000406C6 /* Foundation.framework */ = {isa = PBXFileReference; lastKnownFileType = wrapper.framework; name = Foundation.framework; path = System/Library/Frameworks/Foundation.framework; sourceTree = SDKROOT; };
		CA0300C118D178CA000406C6 /* CoreGraphics.framework */ = {isa = PBXFileReference; lastKnownFileType = wrapper.framework; name = CoreGraphics.framework; path = System/Library/Frameworks/CoreGraphics.framework; sourceTree = SDKROOT; };
		CA0300C318D178CA000406C6 /* UIKit.framework */ = {isa = PBXFileReference; lastKnownFileType = wrapper.framework; name = UIKit.framework; path = System/Library/Frameworks/UIKit.framework; sourceTree = SDKROOT; };
		CA0300C718D178CA000406C6 /* GratinTomatoes-Info.plist */ = {isa = PBXFileReference; lastKnownFileType = text.plist.xml; path = "GratinTomatoes-Info.plist"; sourceTree = "<group>"; };
		CA0300C918D178CA000406C6 /* en */ = {isa = PBXFileReference; lastKnownFileType = text.plist.strings; name = en; path = en.lproj/InfoPlist.strings; sourceTree = "<group>"; };
		CA0300CB18D178CA000406C6 /* main.m */ = {isa = PBXFileReference; lastKnownFileType = sourcecode.c.objc; path = main.m; sourceTree = "<group>"; };
		CA0300CD18D178CA000406C6 /* GratinTomatoes-Prefix.pch */ = {isa = PBXFileReference; lastKnownFileType = sourcecode.c.h; path = "GratinTomatoes-Prefix.pch"; sourceTree = "<group>"; };
		CA0300CE18D178CA000406C6 /* AppDelegate.h */ = {isa = PBXFileReference; lastKnownFileType = sourcecode.c.h; path = AppDelegate.h; sourceTree = "<group>"; };
		CA0300CF18D178CA000406C6 /* AppDelegate.m */ = {isa = PBXFileReference; lastKnownFileType = sourcecode.c.objc; path = AppDelegate.m; sourceTree = "<group>"; };
		CA0300D118D178CA000406C6 /* Images.xcassets */ = {isa = PBXFileReference; lastKnownFileType = folder.assetcatalog; path = Images.xcassets; sourceTree = "<group>"; };
		CA0300D718D178CA000406C6 /* GratinTomatoesTests.xctest */ = {isa = PBXFileReference; explicitFileType = wrapper.cfbundle; includeInIndex = 0; path = GratinTomatoesTests.xctest; sourceTree = BUILT_PRODUCTS_DIR; };
		CA0300D818D178CA000406C6 /* XCTest.framework */ = {isa = PBXFileReference; lastKnownFileType = wrapper.framework; name = XCTest.framework; path = Library/Frameworks/XCTest.framework; sourceTree = DEVELOPER_DIR; };
		CA0300E018D178CA000406C6 /* GratinTomatoesTests-Info.plist */ = {isa = PBXFileReference; lastKnownFileType = text.plist.xml; path = "GratinTomatoesTests-Info.plist"; sourceTree = "<group>"; };
		CA0300E218D178CA000406C6 /* en */ = {isa = PBXFileReference; lastKnownFileType = text.plist.strings; name = en; path = en.lproj/InfoPlist.strings; sourceTree = "<group>"; };
		CA0300E418D178CA000406C6 /* GratinTomatoesTests.m */ = {isa = PBXFileReference; lastKnownFileType = sourcecode.c.objc; path = GratinTomatoesTests.m; sourceTree = "<group>"; };
		CAAC801018D4C8EA00675F4B /* MovieListViewController.h */ = {isa = PBXFileReference; fileEncoding = 4; lastKnownFileType = sourcecode.c.h; path = MovieListViewController.h; sourceTree = "<group>"; };
		CAAC801118D4C8EA00675F4B /* MovieListViewController.m */ = {isa = PBXFileReference; fileEncoding = 4; lastKnownFileType = sourcecode.c.objc; path = MovieListViewController.m; sourceTree = "<group>"; };
		CAAC801218D4C8EA00675F4B /* MovieListViewController.xib */ = {isa = PBXFileReference; fileEncoding = 4; lastKnownFileType = file.xib; path = MovieListViewController.xib; sourceTree = "<group>"; };
		CAAC802218D4D8D300675F4B /* MovieListViewCell.h */ = {isa = PBXFileReference; fileEncoding = 4; lastKnownFileType = sourcecode.c.h; path = MovieListViewCell.h; sourceTree = "<group>"; };
		CAAC802318D4D8D300675F4B /* MovieListViewCell.m */ = {isa = PBXFileReference; fileEncoding = 4; lastKnownFileType = sourcecode.c.objc; path = MovieListViewCell.m; sourceTree = "<group>"; };
		CAAC802418D4D8D300675F4B /* MovieListViewCell.xib */ = {isa = PBXFileReference; fileEncoding = 4; lastKnownFileType = file.xib; path = MovieListViewCell.xib; sourceTree = "<group>"; };
		CAAC802718D4DCE000675F4B /* MovieDetailViewController.h */ = {isa = PBXFileReference; fileEncoding = 4; lastKnownFileType = sourcecode.c.h; path = MovieDetailViewController.h; sourceTree = "<group>"; };
		CAAC802818D4DCE000675F4B /* MovieDetailViewController.m */ = {isa = PBXFileReference; fileEncoding = 4; lastKnownFileType = sourcecode.c.objc; path = MovieDetailViewController.m; sourceTree = "<group>"; };
		CAAC802918D4DCE000675F4B /* MovieDetailViewController.xib */ = {isa = PBXFileReference; fileEncoding = 4; lastKnownFileType = file.xib; path = MovieDetailViewController.xib; sourceTree = "<group>"; };
		CAAC802D18D60A0200675F4B /* Aller_Bd.ttf */ = {isa = PBXFileReference; lastKnownFileType = file; path = Aller_Bd.ttf; sourceTree = "<group>"; };
		CAAC802E18D60A0200675F4B /* Aller_BdIt.ttf */ = {isa = PBXFileReference; lastKnownFileType = file; path = Aller_BdIt.ttf; sourceTree = "<group>"; };
		CAAC802F18D60A0200675F4B /* Aller_It.ttf */ = {isa = PBXFileReference; lastKnownFileType = file; path = Aller_It.ttf; sourceTree = "<group>"; };
		CAAC803018D60A0200675F4B /* Aller_Lt.ttf */ = {isa = PBXFileReference; lastKnownFileType = file; path = Aller_Lt.ttf; sourceTree = "<group>"; };
		CAAC803118D60A0200675F4B /* Aller_LtIt.ttf */ = {isa = PBXFileReference; lastKnownFileType = file; path = Aller_LtIt.ttf; sourceTree = "<group>"; };
		CAAC803218D60A0200675F4B /* Aller_Rg.ttf */ = {isa = PBXFileReference; lastKnownFileType = file; path = Aller_Rg.ttf; sourceTree = "<group>"; };
		CAAC803318D60A0200675F4B /* AllerDisplay.ttf */ = {isa = PBXFileReference; lastKnownFileType = file; path = AllerDisplay.ttf; sourceTree = "<group>"; };
		CAAC803C18D60D9F00675F4B /* UIFont+IBCustomFonts.m */ = {isa = PBXFileReference; fileEncoding = 4; lastKnownFileType = sourcecode.c.objc; path = "UIFont+IBCustomFonts.m"; sourceTree = "<group>"; };
		CAEEBF2818D614870029C8D0 /* MovieModel.h */ = {isa = PBXFileReference; fileEncoding = 4; lastKnownFileType = sourcecode.c.h; path = MovieModel.h; sourceTree = "<group>"; };
		CAEEBF2918D614870029C8D0 /* MovieModel.m */ = {isa = PBXFileReference; fileEncoding = 4; lastKnownFileType = sourcecode.c.objc; path = MovieModel.m; sourceTree = "<group>"; };
		CAEEBF2D18D6CDDA0029C8D0 /* dvd.png */ = {isa = PBXFileReference; lastKnownFileType = image.png; path = dvd.png; sourceTree = "<group>"; };
		CAEEBF2E18D6CDDA0029C8D0 /* ticket.png */ = {isa = PBXFileReference; lastKnownFileType = image.png; path = ticket.png; sourceTree = "<group>"; };
/* End PBXFileReference section */

/* Begin PBXFrameworksBuildPhase section */
		CA0300B918D178CA000406C6 /* Frameworks */ = {
			isa = PBXFrameworksBuildPhase;
			buildActionMask = 2147483647;
			files = (
				CA0300C218D178CA000406C6 /* CoreGraphics.framework in Frameworks */,
				CA0300C418D178CA000406C6 /* UIKit.framework in Frameworks */,
				CA0300C018D178CA000406C6 /* Foundation.framework in Frameworks */,
				433E890E9033425E9D06179E /* libPods.a in Frameworks */,
			);
			runOnlyForDeploymentPostprocessing = 0;
		};
		CA0300D418D178CA000406C6 /* Frameworks */ = {
			isa = PBXFrameworksBuildPhase;
			buildActionMask = 2147483647;
			files = (
				CA0300D918D178CA000406C6 /* XCTest.framework in Frameworks */,
				CA0300DB18D178CA000406C6 /* UIKit.framework in Frameworks */,
				CA0300DA18D178CA000406C6 /* Foundation.framework in Frameworks */,
			);
			runOnlyForDeploymentPostprocessing = 0;
		};
/* End PBXFrameworksBuildPhase section */

/* Begin PBXGroup section */
		CA0300B318D178CA000406C6 = {
			isa = PBXGroup;
			children = (
				CA0300C518D178CA000406C6 /* GratinTomatoes */,
				CA0300DE18D178CA000406C6 /* GratinTomatoesTests */,
				CA0300BE18D178CA000406C6 /* Frameworks */,
				CA0300BD18D178CA000406C6 /* Products */,
				22BF99A7C72E4F1B997306BF /* Pods.xcconfig */,
			);
			sourceTree = "<group>";
		};
		CA0300BD18D178CA000406C6 /* Products */ = {
			isa = PBXGroup;
			children = (
				CA0300BC18D178CA000406C6 /* GratinTomatoes.app */,
				CA0300D718D178CA000406C6 /* GratinTomatoesTests.xctest */,
			);
			name = Products;
			sourceTree = "<group>";
		};
		CA0300BE18D178CA000406C6 /* Frameworks */ = {
			isa = PBXGroup;
			children = (
				CA0300BF18D178CA000406C6 /* Foundation.framework */,
				CA0300C118D178CA000406C6 /* CoreGraphics.framework */,
				CA0300C318D178CA000406C6 /* UIKit.framework */,
				CA0300D818D178CA000406C6 /* XCTest.framework */,
				51B24B9C261F4FF2A9F38D55 /* libPods.a */,
			);
			name = Frameworks;
			sourceTree = "<group>";
		};
		CA0300C518D178CA000406C6 /* GratinTomatoes */ = {
			isa = PBXGroup;
			children = (
				CAAC803B18D60D9100675F4B /* libs */,
				CAAC802C18D60A0200675F4B /* resources */,
				CAAC802118D4CB6200675F4B /* view */,
				CAAC800F18D4C7E000675F4B /* model */,
				CA0300EE18D178DF000406C6 /* controller */,
				CA0300CE18D178CA000406C6 /* AppDelegate.h */,
				CA0300CF18D178CA000406C6 /* AppDelegate.m */,
				CA0300D118D178CA000406C6 /* Images.xcassets */,
				CA0300C618D178CA000406C6 /* Supporting Files */,
			);
			path = GratinTomatoes;
			sourceTree = "<group>";
		};
		CA0300C618D178CA000406C6 /* Supporting Files */ = {
			isa = PBXGroup;
			children = (
				CA0300C718D178CA000406C6 /* GratinTomatoes-Info.plist */,
				CA0300C818D178CA000406C6 /* InfoPlist.strings */,
				CA0300CB18D178CA000406C6 /* main.m */,
				CA0300CD18D178CA000406C6 /* GratinTomatoes-Prefix.pch */,
			);
			name = "Supporting Files";
			sourceTree = "<group>";
		};
		CA0300DE18D178CA000406C6 /* GratinTomatoesTests */ = {
			isa = PBXGroup;
			children = (
				CA0300E418D178CA000406C6 /* GratinTomatoesTests.m */,
				CA0300DF18D178CA000406C6 /* Supporting Files */,
			);
			path = GratinTomatoesTests;
			sourceTree = "<group>";
		};
		CA0300DF18D178CA000406C6 /* Supporting Files */ = {
			isa = PBXGroup;
			children = (
				CA0300E018D178CA000406C6 /* GratinTomatoesTests-Info.plist */,
				CA0300E118D178CA000406C6 /* InfoPlist.strings */,
			);
			name = "Supporting Files";
			sourceTree = "<group>";
		};
		CA0300EE18D178DF000406C6 /* controller */ = {
			isa = PBXGroup;
			children = (
				CAAC802718D4DCE000675F4B /* MovieDetailViewController.h */,
				CAAC802818D4DCE000675F4B /* MovieDetailViewController.m */,
				CAAC802918D4DCE000675F4B /* MovieDetailViewController.xib */,
				CAAC801018D4C8EA00675F4B /* MovieListViewController.h */,
				CAAC801118D4C8EA00675F4B /* MovieListViewController.m */,
				CAAC801218D4C8EA00675F4B /* MovieListViewController.xib */,
			);
			name = controller;
			sourceTree = "<group>";
		};
		CAAC800F18D4C7E000675F4B /* model */ = {
			isa = PBXGroup;
			children = (
				CAEEBF2818D614870029C8D0 /* MovieModel.h */,
				CAEEBF2918D614870029C8D0 /* MovieModel.m */,
			);
			name = model;
			sourceTree = "<group>";
		};
		CAAC802118D4CB6200675F4B /* view */ = {
			isa = PBXGroup;
			children = (
				CAAC802218D4D8D300675F4B /* MovieListViewCell.h */,
				CAAC802318D4D8D300675F4B /* MovieListViewCell.m */,
				CAAC802418D4D8D300675F4B /* MovieListViewCell.xib */,
			);
			name = view;
			sourceTree = "<group>";
		};
		CAAC802C18D60A0200675F4B /* resources */ = {
			isa = PBXGroup;
			children = (
				CAEEBF2C18D6CDC10029C8D0 /* images */,
				CAEEBF2B18D6CDA40029C8D0 /* fonts */,
			);
			path = resources;
			sourceTree = "<group>";
		};
		CAAC803B18D60D9100675F4B /* libs */ = {
			isa = PBXGroup;
			children = (
				CAAC803C18D60D9F00675F4B /* UIFont+IBCustomFonts.m */,
			);
			name = libs;
			sourceTree = "<group>";
		};
		CAEEBF2B18D6CDA40029C8D0 /* fonts */ = {
			isa = PBXGroup;
			children = (
				CAAC802D18D60A0200675F4B /* Aller_Bd.ttf */,
				CAAC802E18D60A0200675F4B /* Aller_BdIt.ttf */,
				CAAC802F18D60A0200675F4B /* Aller_It.ttf */,
				CAAC803018D60A0200675F4B /* Aller_Lt.ttf */,
				CAAC803118D60A0200675F4B /* Aller_LtIt.ttf */,
				CAAC803218D60A0200675F4B /* Aller_Rg.ttf */,
				CAAC803318D60A0200675F4B /* AllerDisplay.ttf */,
			);
			name = fonts;
			sourceTree = "<group>";
		};
		CAEEBF2C18D6CDC10029C8D0 /* images */ = {
			isa = PBXGroup;
			children = (
				CAEEBF2D18D6CDDA0029C8D0 /* dvd.png */,
				CAEEBF2E18D6CDDA0029C8D0 /* ticket.png */,
			);
			name = images;
			sourceTree = "<group>";
		};
/* End PBXGroup section */

/* Begin PBXNativeTarget section */
		CA0300BB18D178CA000406C6 /* GratinTomatoes */ = {
			isa = PBXNativeTarget;
			buildConfigurationList = CA0300E818D178CA000406C6 /* Build configuration list for PBXNativeTarget "GratinTomatoes" */;
			buildPhases = (
				D1F60333190D47B0BBB75C3C /* Check Pods Manifest.lock */,
				CA0300B818D178CA000406C6 /* Sources */,
				CA0300B918D178CA000406C6 /* Frameworks */,
				CA0300BA18D178CA000406C6 /* Resources */,
				2CF77695210C43D699685ECA /* Copy Pods Resources */,
			);
			buildRules = (
			);
			dependencies = (
			);
			name = GratinTomatoes;
			productName = GratinTomatoes;
			productReference = CA0300BC18D178CA000406C6 /* GratinTomatoes.app */;
			productType = "com.apple.product-type.application";
		};
		CA0300D618D178CA000406C6 /* GratinTomatoesTests */ = {
			isa = PBXNativeTarget;
			buildConfigurationList = CA0300EB18D178CA000406C6 /* Build configuration list for PBXNativeTarget "GratinTomatoesTests" */;
			buildPhases = (
				CA0300D318D178CA000406C6 /* Sources */,
				CA0300D418D178CA000406C6 /* Frameworks */,
				CA0300D518D178CA000406C6 /* Resources */,
			);
			buildRules = (
			);
			dependencies = (
				CA0300DD18D178CA000406C6 /* PBXTargetDependency */,
			);
			name = GratinTomatoesTests;
			productName = GratinTomatoesTests;
			productReference = CA0300D718D178CA000406C6 /* GratinTomatoesTests.xctest */;
			productType = "com.apple.product-type.bundle.unit-test";
		};
/* End PBXNativeTarget section */

/* Begin PBXProject section */
		CA0300B418D178CA000406C6 /* Project object */ = {
			isa = PBXProject;
			attributes = {
				LastUpgradeCheck = 0510;
				ORGANIZATIONNAME = "Eric Socolofsky";
				TargetAttributes = {
					CA0300D618D178CA000406C6 = {
						TestTargetID = CA0300BB18D178CA000406C6;
					};
				};
			};
			buildConfigurationList = CA0300B718D178CA000406C6 /* Build configuration list for PBXProject "GratinTomatoes" */;
			compatibilityVersion = "Xcode 3.2";
			developmentRegion = English;
			hasScannedForEncodings = 0;
			knownRegions = (
				en,
			);
			mainGroup = CA0300B318D178CA000406C6;
			productRefGroup = CA0300BD18D178CA000406C6 /* Products */;
			projectDirPath = "";
			projectRoot = "";
			targets = (
				CA0300BB18D178CA000406C6 /* GratinTomatoes */,
				CA0300D618D178CA000406C6 /* GratinTomatoesTests */,
			);
		};
/* End PBXProject section */

/* Begin PBXResourcesBuildPhase section */
		CA0300BA18D178CA000406C6 /* Resources */ = {
			isa = PBXResourcesBuildPhase;
			buildActionMask = 2147483647;
			files = (
				CAAC802B18D4DCE000675F4B /* MovieDetailViewController.xib in Resources */,
				CAAC803718D60A0200675F4B /* Aller_Lt.ttf in Resources */,
				CAEEBF2F18D6CDDA0029C8D0 /* dvd.png in Resources */,
				CAAC803518D60A0200675F4B /* Aller_BdIt.ttf in Resources */,
				CAAC803418D60A0200675F4B /* Aller_Bd.ttf in Resources */,
				CAAC803918D60A0200675F4B /* Aller_Rg.ttf in Resources */,
				CAAC801418D4C8EA00675F4B /* MovieListViewController.xib in Resources */,
				CAAC803A18D60A0200675F4B /* AllerDisplay.ttf in Resources */,
				CAAC803618D60A0200675F4B /* Aller_It.ttf in Resources */,
				CAEEBF3018D6CDDA0029C8D0 /* ticket.png in Resources */,
				CAAC802618D4D8D300675F4B /* MovieListViewCell.xib in Resources */,
				CA0300CA18D178CA000406C6 /* InfoPlist.strings in Resources */,
				CAAC803818D60A0200675F4B /* Aller_LtIt.ttf in Resources */,
				CA0300D218D178CA000406C6 /* Images.xcassets in Resources */,
			);
			runOnlyForDeploymentPostprocessing = 0;
		};
		CA0300D518D178CA000406C6 /* Resources */ = {
			isa = PBXResourcesBuildPhase;
			buildActionMask = 2147483647;
			files = (
				CA0300E318D178CA000406C6 /* InfoPlist.strings in Resources */,
			);
			runOnlyForDeploymentPostprocessing = 0;
		};
/* End PBXResourcesBuildPhase section */

/* Begin PBXShellScriptBuildPhase section */
		2CF77695210C43D699685ECA /* Copy Pods Resources */ = {
			isa = PBXShellScriptBuildPhase;
			buildActionMask = 2147483647;
			files = (
			);
			inputPaths = (
			);
			name = "Copy Pods Resources";
			outputPaths = (
			);
			runOnlyForDeploymentPostprocessing = 0;
			shellPath = /bin/sh;
			shellScript = "\"${SRCROOT}/Pods/Pods-resources.sh\"\n";
			showEnvVarsInLog = 0;
		};
		D1F60333190D47B0BBB75C3C /* Check Pods Manifest.lock */ = {
			isa = PBXShellScriptBuildPhase;
			buildActionMask = 2147483647;
			files = (
			);
			inputPaths = (
			);
			name = "Check Pods Manifest.lock";
			outputPaths = (
			);
			runOnlyForDeploymentPostprocessing = 0;
			shellPath = /bin/sh;
			shellScript = "diff \"${PODS_ROOT}/../Podfile.lock\" \"${PODS_ROOT}/Manifest.lock\" > /dev/null\nif [[ $? != 0 ]] ; then\n    cat << EOM\nerror: The sandbox is not in sync with the Podfile.lock. Run 'pod install' or update your CocoaPods installation.\nEOM\n    exit 1\nfi\n";
			showEnvVarsInLog = 0;
		};
/* End PBXShellScriptBuildPhase section */

/* Begin PBXSourcesBuildPhase section */
		CA0300B818D178CA000406C6 /* Sources */ = {
			isa = PBXSourcesBuildPhase;
			buildActionMask = 2147483647;
			files = (
				CA0300D018D178CA000406C6 /* AppDelegate.m in Sources */,
				CAAC801318D4C8EA00675F4B /* MovieListViewController.m in Sources */,
				CAEEBF2A18D614870029C8D0 /* MovieModel.m in Sources */,
				CAAC802A18D4DCE000675F4B /* MovieDetailViewController.m in Sources */,
				CA0300CC18D178CA000406C6 /* main.m in Sources */,
				CAAC802518D4D8D300675F4B /* MovieListViewCell.m in Sources */,
				CAAC803D18D60D9F00675F4B /* UIFont+IBCustomFonts.m in Sources */,
			);
			runOnlyForDeploymentPostprocessing = 0;
		};
		CA0300D318D178CA000406C6 /* Sources */ = {
			isa = PBXSourcesBuildPhase;
			buildActionMask = 2147483647;
			files = (
				CA0300E518D178CA000406C6 /* GratinTomatoesTests.m in Sources */,
			);
			runOnlyForDeploymentPostprocessing = 0;
		};
/* End PBXSourcesBuildPhase section */

/* Begin PBXTargetDependency section */
		CA0300DD18D178CA000406C6 /* PBXTargetDependency */ = {
			isa = PBXTargetDependency;
			target = CA0300BB18D178CA000406C6 /* GratinTomatoes */;
			targetProxy = CA0300DC18D178CA000406C6 /* PBXContainerItemProxy */;
		};
/* End PBXTargetDependency section */

/* Begin PBXVariantGroup section */
		CA0300C818D178CA000406C6 /* InfoPlist.strings */ = {
			isa = PBXVariantGroup;
			children = (
				CA0300C918D178CA000406C6 /* en */,
			);
			name = InfoPlist.strings;
			sourceTree = "<group>";
		};
		CA0300E118D178CA000406C6 /* InfoPlist.strings */ = {
			isa = PBXVariantGroup;
			children = (
				CA0300E218D178CA000406C6 /* en */,
			);
			name = InfoPlist.strings;
			sourceTree = "<group>";
		};
/* End PBXVariantGroup section */

/* Begin XCBuildConfiguration section */
		CA0300E618D178CA000406C6 /* Debug */ = {
			isa = XCBuildConfiguration;
			buildSettings = {
				ALWAYS_SEARCH_USER_PATHS = NO;
				CLANG_CXX_LANGUAGE_STANDARD = "gnu++0x";
				CLANG_CXX_LIBRARY = "libc++";
				CLANG_ENABLE_MODULES = YES;
				CLANG_ENABLE_OBJC_ARC = YES;
				CLANG_WARN_BOOL_CONVERSION = YES;
				CLANG_WARN_CONSTANT_CONVERSION = YES;
				CLANG_WARN_DIRECT_OBJC_ISA_USAGE = YES_ERROR;
				CLANG_WARN_EMPTY_BODY = YES;
				CLANG_WARN_ENUM_CONVERSION = YES;
				CLANG_WARN_INT_CONVERSION = YES;
				CLANG_WARN_OBJC_ROOT_CLASS = YES_ERROR;
				CLANG_WARN__DUPLICATE_METHOD_MATCH = YES;
				"CODE_SIGN_IDENTITY[sdk=iphoneos*]" = "iPhone Developer";
				COPY_PHASE_STRIP = NO;
				GCC_C_LANGUAGE_STANDARD = gnu99;
				GCC_DYNAMIC_NO_PIC = NO;
				GCC_OPTIMIZATION_LEVEL = 0;
				GCC_PREPROCESSOR_DEFINITIONS = (
					"DEBUG=1",
					"$(inherited)",
				);
				GCC_SYMBOLS_PRIVATE_EXTERN = NO;
				GCC_WARN_64_TO_32_BIT_CONVERSION = YES;
				GCC_WARN_ABOUT_RETURN_TYPE = YES_ERROR;
				GCC_WARN_UNDECLARED_SELECTOR = YES;
				GCC_WARN_UNINITIALIZED_AUTOS = YES_AGGRESSIVE;
				GCC_WARN_UNUSED_FUNCTION = YES;
				GCC_WARN_UNUSED_VARIABLE = YES;
				IPHONEOS_DEPLOYMENT_TARGET = 7.1;
				ONLY_ACTIVE_ARCH = YES;
				SDKROOT = iphoneos;
			};
			name = Debug;
		};
		CA0300E718D178CA000406C6 /* Release */ = {
			isa = XCBuildConfiguration;
			buildSettings = {
				ALWAYS_SEARCH_USER_PATHS = NO;
				CLANG_CXX_LANGUAGE_STANDARD = "gnu++0x";
				CLANG_CXX_LIBRARY = "libc++";
				CLANG_ENABLE_MODULES = YES;
				CLANG_ENABLE_OBJC_ARC = YES;
				CLANG_WARN_BOOL_CONVERSION = YES;
				CLANG_WARN_CONSTANT_CONVERSION = YES;
				CLANG_WARN_DIRECT_OBJC_ISA_USAGE = YES_ERROR;
				CLANG_WARN_EMPTY_BODY = YES;
				CLANG_WARN_ENUM_CONVERSION = YES;
				CLANG_WARN_INT_CONVERSION = YES;
				CLANG_WARN_OBJC_ROOT_CLASS = YES_ERROR;
				CLANG_WARN__DUPLICATE_METHOD_MATCH = YES;
				"CODE_SIGN_IDENTITY[sdk=iphoneos*]" = "iPhone Developer";
				COPY_PHASE_STRIP = YES;
				ENABLE_NS_ASSERTIONS = NO;
				GCC_C_LANGUAGE_STANDARD = gnu99;
				GCC_WARN_64_TO_32_BIT_CONVERSION = YES;
				GCC_WARN_ABOUT_RETURN_TYPE = YES_ERROR;
				GCC_WARN_UNDECLARED_SELECTOR = YES;
				GCC_WARN_UNINITIALIZED_AUTOS = YES_AGGRESSIVE;
				GCC_WARN_UNUSED_FUNCTION = YES;
				GCC_WARN_UNUSED_VARIABLE = YES;
				IPHONEOS_DEPLOYMENT_TARGET = 7.1;
				SDKROOT = iphoneos;
				VALIDATE_PRODUCT = YES;
			};
			name = Release;
		};
		CA0300E918D178CA000406C6 /* Debug */ = {
			isa = XCBuildConfiguration;
			baseConfigurationReference = 22BF99A7C72E4F1B997306BF /* Pods.xcconfig */;
			buildSettings = {
				ASSETCATALOG_COMPILER_APPICON_NAME = AppIcon;
				ASSETCATALOG_COMPILER_LAUNCHIMAGE_NAME = LaunchImage;
				GCC_PRECOMPILE_PREFIX_HEADER = YES;
				GCC_PREFIX_HEADER = "GratinTomatoes/GratinTomatoes-Prefix.pch";
				INFOPLIST_FILE = "GratinTomatoes/GratinTomatoes-Info.plist";
				PRODUCT_NAME = "$(TARGET_NAME)";
				WRAPPER_EXTENSION = app;
			};
			name = Debug;
		};
		CA0300EA18D178CA000406C6 /* Release */ = {
			isa = XCBuildConfiguration;
			baseConfigurationReference = 22BF99A7C72E4F1B997306BF /* Pods.xcconfig */;
			buildSettings = {
				ASSETCATALOG_COMPILER_APPICON_NAME = AppIcon;
				ASSETCATALOG_COMPILER_LAUNCHIMAGE_NAME = LaunchImage;
				GCC_PRECOMPILE_PREFIX_HEADER = YES;
				GCC_PREFIX_HEADER = "GratinTomatoes/GratinTomatoes-Prefix.pch";
				INFOPLIST_FILE = "GratinTomatoes/GratinTomatoes-Info.plist";
				PRODUCT_NAME = "$(TARGET_NAME)";
				WRAPPER_EXTENSION = app;
			};
			name = Release;
		};
		CA0300EC18D178CA000406C6 /* Debug */ = {
			isa = XCBuildConfiguration;
			buildSettings = {
				BUNDLE_LOADER = "$(BUILT_PRODUCTS_DIR)/GratinTomatoes.app/GratinTomatoes";
				FRAMEWORK_SEARCH_PATHS = (
					"$(SDKROOT)/Developer/Library/Frameworks",
					"$(inherited)",
					"$(DEVELOPER_FRAMEWORKS_DIR)",
				);
				GCC_PRECOMPILE_PREFIX_HEADER = YES;
				GCC_PREFIX_HEADER = "GratinTomatoes/GratinTomatoes-Prefix.pch";
				GCC_PREPROCESSOR_DEFINITIONS = (
					"DEBUG=1",
					"$(inherited)",
				);
				INFOPLIST_FILE = "GratinTomatoesTests/GratinTomatoesTests-Info.plist";
				PRODUCT_NAME = "$(TARGET_NAME)";
				TEST_HOST = "$(BUNDLE_LOADER)";
				WRAPPER_EXTENSION = xctest;
			};
			name = Debug;
		};
		CA0300ED18D178CA000406C6 /* Release */ = {
			isa = XCBuildConfiguration;
			buildSettings = {
				BUNDLE_LOADER = "$(BUILT_PRODUCTS_DIR)/GratinTomatoes.app/GratinTomatoes";
				FRAMEWORK_SEARCH_PATHS = (
					"$(SDKROOT)/Developer/Library/Frameworks",
					"$(inherited)",
					"$(DEVELOPER_FRAMEWORKS_DIR)",
				);
				GCC_PRECOMPILE_PREFIX_HEADER = YES;
				GCC_PREFIX_HEADER = "GratinTomatoes/GratinTomatoes-Prefix.pch";
				INFOPLIST_FILE = "GratinTomatoesTests/GratinTomatoesTests-Info.plist";
				PRODUCT_NAME = "$(TARGET_NAME)";
				TEST_HOST = "$(BUNDLE_LOADER)";
				WRAPPER_EXTENSION = xctest;
			};
			name = Release;
		};
/* End XCBuildConfiguration section */

/* Begin XCConfigurationList section */
		CA0300B718D178CA000406C6 /* Build configuration list for PBXProject "GratinTomatoes" */ = {
			isa = XCConfigurationList;
			buildConfigurations = (
				CA0300E618D178CA000406C6 /* Debug */,
				CA0300E718D178CA000406C6 /* Release */,
			);
			defaultConfigurationIsVisible = 0;
			defaultConfigurationName = Release;
		};
		CA0300E818D178CA000406C6 /* Build configuration list for PBXNativeTarget "GratinTomatoes" */ = {
			isa = XCConfigurationList;
			buildConfigurations = (
				CA0300E918D178CA000406C6 /* Debug */,
				CA0300EA18D178CA000406C6 /* Release */,
			);
			defaultConfigurationIsVisible = 0;
			defaultConfigurationName = Release;
		};
		CA0300EB18D178CA000406C6 /* Build configuration list for PBXNativeTarget "GratinTomatoesTests" */ = {
			isa = XCConfigurationList;
			buildConfigurations = (
				CA0300EC18D178CA000406C6 /* Debug */,
				CA0300ED18D178CA000406C6 /* Release */,
			);
			defaultConfigurationIsVisible = 0;
			defaultConfigurationName = Release;
		};
/* End XCConfigurationList section */
	};
	rootObject = CA0300B418D178CA000406C6 /* Project object */;
}
